
Microsoft Visual Studio Solution File, Format Version 12.00
# Visual Studio Version 17
VisualStudioVersion = 17.0.32014.148
MinimumVisualStudioVersion = 10.0.40219.1
Project("{FAE04EC0-301F-11D3-BF4B-00C04F79EFBC}") = "AEML_db", "AEML_db.csproj", "{D4DBD3E5-B29F-459D-9478-BC781A3DF88C}"
EndProject
Global
	GlobalSection(SolutionConfigurationPlatforms) = preSolution
		Debug|Any CPU = Debug|Any CPU
		Release|Any CPU = Release|Any CPU
	EndGlobalSection
	GlobalSection(ProjectConfigurationPlatforms) = postSolution
		{D4DBD3E5-B29F-459D-9478-BC781A3DF88C}.Debug|Any CPU.ActiveCfg = Debug|Any CPU
		{D4DBD3E5-B29F-459D-9478-BC781A3DF88C}.Debug|Any CPU.Build.0 = Debug|Any CPU
		{D4DBD3E5-B29F-459D-9478-BC781A3DF88C}.Release|Any CPU.ActiveCfg = Release|Any CPU
		{D4DBD3E5-B29F-459D-9478-BC781A3DF88C}.Release|Any CPU.Build.0 = Release|Any CPU
	EndGlobalSection
	GlobalSection(SolutionProperties) = preSolution
		HideSolutionNode = FALSE
	EndGlobalSection
	GlobalSection(ExtensibilityGlobals) = postSolution
		SolutionGuid = {8F629066-1BFD-40AB-A86A-1E9105546BC3}
	EndGlobalSection
EndGlobal
